{
  "name": "FranchiseManager",
  "lockfileVersion": 3,
  "requires": true,
  "packages": {
    "": {
      "dependencies": {
        "facejs": "^1.0.1"
      }
    },
    "node_modules/facejs": {
      "version": "1.0.1",
      "resolved": "https://registry.npmjs.org/facejs/-/facejs-1.0.1.tgz",
      "integrity": "sha512-VJx137H1OwnS2gCyC0CWKwQ8BbCEzCRJFfHewZE9XZfNKcgpiq8GqbAJmT7fllJvcb7F4HSPB/sHchfPNpqu1A==",
      "license": "MIT"
    }
  }
}
